
Microsoft Visual Studio Solution File, Format Version 12.00
# Visual Studio Version 17
VisualStudioVersion = 17.14.36429.23 d17.14
MinimumVisualStudioVersion = 10.0.40219.1
Project("{FAE04EC0-301F-11D3-BF4B-00C04F79EFBC}") = "Projekat2SYS", "Projekat2SYS\Projekat2SYS.csproj", "{A5429E77-46B9-4930-84A3-A85DCE059776}"
EndProject
Global
	GlobalSection(SolutionConfigurationPlatforms) = preSolution
		Debug|Any CPU = Debug|Any CPU
		Release|Any CPU = Release|Any CPU
	EndGlobalSection
	GlobalSection(ProjectConfigurationPlatforms) = postSolution
		{A5429E77-46B9-4930-84A3-A85DCE059776}.Debug|Any CPU.ActiveCfg = Debug|Any CPU
		{A5429E77-46B9-4930-84A3-A85DCE059776}.Debug|Any CPU.Build.0 = Debug|Any CPU
		{A5429E77-46B9-4930-84A3-A85DCE059776}.Release|Any CPU.ActiveCfg = Release|Any CPU
		{A5429E77-46B9-4930-84A3-A85DCE059776}.Release|Any CPU.Build.0 = Release|Any CPU
	EndGlobalSection
	GlobalSection(SolutionProperties) = preSolution
		HideSolutionNode = FALSE
	EndGlobalSection
	GlobalSection(ExtensibilityGlobals) = postSolution
		SolutionGuid = {A9FEF5DD-C4D9-4F93-8AC3-838F1B002987}
	EndGlobalSection
EndGlobal
