
Microsoft Visual Studio Solution File, Format Version 12.00
# Visual Studio Version 17
VisualStudioVersion = 17.14.36429.23 d17.14
MinimumVisualStudioVersion = 10.0.40219.1
Project("{FAE04EC0-301F-11D3-BF4B-00C04F79EFBC}") = "Projekat3SYS", "Projekat3SYS\Projekat3SYS.csproj", "{9DF489D3-D396-400B-B1AF-D3F066C9897E}"
EndProject
Global
	GlobalSection(SolutionConfigurationPlatforms) = preSolution
		Debug|Any CPU = Debug|Any CPU
		Release|Any CPU = Release|Any CPU
	EndGlobalSection
	GlobalSection(ProjectConfigurationPlatforms) = postSolution
		{9DF489D3-D396-400B-B1AF-D3F066C9897E}.Debug|Any CPU.ActiveCfg = Debug|Any CPU
		{9DF489D3-D396-400B-B1AF-D3F066C9897E}.Debug|Any CPU.Build.0 = Debug|Any CPU
		{9DF489D3-D396-400B-B1AF-D3F066C9897E}.Release|Any CPU.ActiveCfg = Release|Any CPU
		{9DF489D3-D396-400B-B1AF-D3F066C9897E}.Release|Any CPU.Build.0 = Release|Any CPU
	EndGlobalSection
	GlobalSection(SolutionProperties) = preSolution
		HideSolutionNode = FALSE
	EndGlobalSection
	GlobalSection(ExtensibilityGlobals) = postSolution
		SolutionGuid = {9402D63C-AE5A-46DA-B42D-FD8646053CF4}
	EndGlobalSection
EndGlobal
